
Microsoft Visual Studio Solution File, Format Version 12.00
# Visual Studio 15
VisualStudioVersion = 15.0.27703.2035
MinimumVisualStudioVersion = 10.0.40219.1
Project("{FAE04EC0-301F-11D3-BF4B-00C04F79EFBC}") = "E-Story", "E-Story\E-Story.csproj", "{BA0C882E-F494-45C7-ABED-1D0ABAFC5522}"
EndProject
Global
	GlobalSection(SolutionConfigurationPlatforms) = preSolution
		Debug|Any CPU = Debug|Any CPU
		Release|Any CPU = Release|Any CPU
	EndGlobalSection
	GlobalSection(ProjectConfigurationPlatforms) = postSolution
		{BA0C882E-F494-45C7-ABED-1D0ABAFC5522}.Debug|Any CPU.ActiveCfg = Debug|Any CPU
		{BA0C882E-F494-45C7-ABED-1D0ABAFC5522}.Debug|Any CPU.Build.0 = Debug|Any CPU
		{BA0C882E-F494-45C7-ABED-1D0ABAFC5522}.Release|Any CPU.ActiveCfg = Release|Any CPU
		{BA0C882E-F494-45C7-ABED-1D0ABAFC5522}.Release|Any CPU.Build.0 = Release|Any CPU
	EndGlobalSection
	GlobalSection(SolutionProperties) = preSolution
		HideSolutionNode = FALSE
	EndGlobalSection
	GlobalSection(ExtensibilityGlobals) = postSolution
		SolutionGuid = {01137FF5-8FBE-4FC5-A9C8-0A182D9C468C}
	EndGlobalSection
EndGlobal
